// !$*UTF8*$!
{
	archiveVersion = 1;
	classes = {
	};
	objectVersion = 56;
	objects = {

/* Begin PBXBuildFile section */
		D733BCBE2983CE0500A84EC0 /* simpleAppApp.swift in Sources */ = {isa = PBXBuildFile; fileRef = D733BCBD2983CE0500A84EC0 /* simpleAppApp.swift */; };
		D733BCC02983CE0500A84EC0 /* ContentView.swift in Sources */ = {isa = PBXBuildFile; fileRef = D733BCBF2983CE0500A84EC0 /* ContentView.swift */; };
		D733BCC22983CE0600A84EC0 /* Assets.xcassets in Resources */ = {isa = PBXBuildFile; fileRef = D733BCC12983CE0600A84EC0 /* Assets.xcassets */; };
		D733BCC62983CE0600A84EC0 /* Preview Assets.xcassets in Resources */ = {isa = PBXBuildFile; fileRef = D733BCC52983CE0600A84EC0 /* Preview Assets.xcassets */; };
		D733BCD02983CE0600A84EC0 /* simpleAppTests.swift in Sources */ = {isa = PBXBuildFile; fileRef = D733BCCF2983CE0600A84EC0 /* simpleAppTests.swift */; };
		D733BCDA2983CE0600A84EC0 /* simpleAppUITests.swift in Sources */ = {isa = PBXBuildFile; fileRef = D733BCD92983CE0600A84EC0 /* simpleAppUITests.swift */; };
		D733BCDC2983CE0600A84EC0 /* simpleAppUITestsLaunchTests.swift in Sources */ = {isa = PBXBuildFile; fileRef = D733BCDB2983CE0600A84EC0 /* simpleAppUITestsLaunchTests.swift */; };
/* End PBXBuildFile section */

/* Begin PBXContainerItemProxy section */
		D733BCCC2983CE0600A84EC0 /* PBXContainerItemProxy */ = {
			isa = PBXContainerItemProxy;
			containerPortal = D733BCB22983CE0500A84EC0 /* Project object */;
			proxyType = 1;
			remoteGlobalIDString = D733BCB92983CE0500A84EC0;
			remoteInfo = simpleApp;
		};
		D733BCD62983CE0600A84EC0 /* PBXContainerItemProxy */ = {
			isa = PBXContainerItemProxy;
			containerPortal = D733BCB22983CE0500A84EC0 /* Project object */;
			proxyType = 1;
			remoteGlobalIDString = D733BCB92983CE0500A84EC0;
			remoteInfo = simpleApp;
		};
/* End PBXContainerItemProxy section */

/* Begin PBXFileReference section */
		D733BCBA2983CE0500A84EC0 /* simpleApp.app */ = {isa = PBXFileReference; explicitFileType = wrapper.application; includeInIndex = 0; path = simpleApp.app; sourceTree = BUILT_PRODUCTS_DIR; };
		D733BCBD2983CE0500A84EC0 /* simpleAppApp.swift */ = {isa = PBXFileReference; lastKnownFileType = sourcecode.swift; path = simpleAppApp.swift; sourceTree = "<group>"; };
		D733BCBF2983CE0500A84EC0 /* ContentView.swift */ = {isa = PBXFileReference; lastKnownFileType = sourcecode.swift; path = ContentView.swift; sourceTree = "<group>"; };
		D733BCC12983CE0600A84EC0 /* Assets.xcassets */ = {isa = PBXFileReference; lastKnownFileType = folder.assetcatalog; path = Assets.xcassets; sourceTree = "<group>"; };
		D733BCC32983CE0600A84EC0 /* simpleApp.entitlements */ = {isa = PBXFileReference; lastKnownFileType = text.plist.entitlements; path = simpleApp.entitlements; sourceTree = "<group>"; };
		D733BCC52983CE0600A84EC0 /* Preview Assets.xcassets */ = {isa = PBXFileReference; lastKnownFileType = folder.assetcatalog; path = "Preview Assets.xcassets"; sourceTree = "<group>"; };
		D733BCCB2983CE0600A84EC0 /* simpleAppTests.xctest */ = {isa = PBXFileReference; explicitFileType = wrapper.cfbundle; includeInIndex = 0; path = simpleAppTests.xctest; sourceTree = BUILT_PRODUCTS_DIR; };
		D733BCCF2983CE0600A84EC0 /* simpleAppTests.swift */ = {isa = PBXFileReference; lastKnownFileType = sourcecode.swift; path = simpleAppTests.swift; sourceTree = "<group>"; };
		D733BCD52983CE0600A84EC0 /* simpleAppUITests.xctest */ = {isa = PBXFileReference; explicitFileType = wrapper.cfbundle; includeInIndex = 0; path = simpleAppUITests.xctest; sourceTree = BUILT_PRODUCTS_DIR; };
		D733BCD92983CE0600A84EC0 /* simpleAppUITests.swift */ = {isa = PBXFileReference; lastKnownFileType = sourcecode.swift; path = simpleAppUITests.swift; sourceTree = "<group>"; };
		D733BCDB2983CE0600A84EC0 /* simpleAppUITestsLaunchTests.swift */ = {isa = PBXFileReference; lastKnownFileType = sourcecode.swift; path = simpleAppUITestsLaunchTests.swift; sourceTree = "<group>"; };
/* End PBXFileReference section */

/* Begin PBXFrameworksBuildPhase section */
		D733BCB72983CE0500A84EC0 /* Frameworks */ = {
			isa = PBXFrameworksBuildPhase;
			buildActionMask = 2147483647;
			files = (
			);
			runOnlyForDeploymentPostprocessing = 0;
		};
		D733BCC82983CE0600A84EC0 /* Frameworks */ = {
			isa = PBXFrameworksBuildPhase;
			buildActionMask = 2147483647;
			files = (
			);
			runOnlyForDeploymentPostprocessing = 0;
		};
		D733BCD22983CE0600A84EC0 /* Frameworks */ = {
			isa = PBXFrameworksBuildPhase;
			buildActionMask = 2147483647;
			files = (
			);
			runOnlyForDeploymentPostprocessing = 0;
		};
/* End PBXFrameworksBuildPhase section */

/* Begin PBXGroup section */
		D733BCB12983CE0500A84EC0 = {
			isa = PBXGroup;
			children = (
				D733BCBC2983CE0500A84EC0 /* simpleApp */,
				D733BCCE2983CE0600A84EC0 /* simpleAppTests */,
				D733BCD82983CE0600A84EC0 /* simpleAppUITests */,
				D733BCBB2983CE0500A84EC0 /* Products */,
			);
			sourceTree = "<group>";
		};
		D733BCBB2983CE0500A84EC0 /* Products */ = {
			isa = PBXGroup;
			children = (
				D733BCBA2983CE0500A84EC0 /* simpleApp.app */,
				D733BCCB2983CE0600A84EC0 /* simpleAppTests.xctest */,
				D733BCD52983CE0600A84EC0 /* simpleAppUITests.xctest */,
			);
			name = Products;
			sourceTree = "<group>";
		};
		D733BCBC2983CE0500A84EC0 /* simpleApp */ = {
			isa = PBXGroup;
			children = (
				D733BCBD2983CE0500A84EC0 /* simpleAppApp.swift */,
				D733BCBF2983CE0500A84EC0 /* ContentView.swift */,
				D733BCC12983CE0600A84EC0 /* Assets.xcassets */,
				D733BCC32983CE0600A84EC0 /* simpleApp.entitlements */,
				D733BCC42983CE0600A84EC0 /* Preview Content */,
			);
			path = simpleApp;
			sourceTree = "<group>";
		};
		D733BCC42983CE0600A84EC0 /* Preview Content */ = {
			isa = PBXGroup;
			children = (
				D733BCC52983CE0600A84EC0 /* Preview Assets.xcassets */,
			);
			path = "Preview Content";
			sourceTree = "<group>";
		};
		D733BCCE2983CE0600A84EC0 /* simpleAppTests */ = {
			isa = PBXGroup;
			children = (
				D733BCCF2983CE0600A84EC0 /* simpleAppTests.swift */,
			);
			path = simpleAppTests;
			sourceTree = "<group>";
		};
		D733BCD82983CE0600A84EC0 /* simpleAppUITests */ = {
			isa = PBXGroup;
			children = (
				D733BCD92983CE0600A84EC0 /* simpleAppUITests.swift */,
				D733BCDB2983CE0600A84EC0 /* simpleAppUITestsLaunchTests.swift */,
			);
			path = simpleAppUITests;
			sourceTree = "<group>";
		};
/* End PBXGroup section */

/* Begin PBXNativeTarget section */
		D733BCB92983CE0500A84EC0 /* simpleApp */ = {
			isa = PBXNativeTarget;
			buildConfigurationList = D733BCDF2983CE0600A84EC0 /* Build configuration list for PBXNativeTarget "simpleApp" */;
			buildPhases = (
				D733BCB62983CE0500A84EC0 /* Sources */,
				D733BCB72983CE0500A84EC0 /* Frameworks */,
				D733BCB82983CE0500A84EC0 /* Resources */,
			);
			buildRules = (
			);
			dependencies = (
			);
			name = simpleApp;
			productName = simpleApp;
			productReference = D733BCBA2983CE0500A84EC0 /* simpleApp.app */;
			productType = "com.apple.product-type.application";
		};
		D733BCCA2983CE0600A84EC0 /* simpleAppTests */ = {
			isa = PBXNativeTarget;
			buildConfigurationList = D733BCE22983CE0600A84EC0 /* Build configuration list for PBXNativeTarget "simpleAppTests" */;
			buildPhases = (
				D733BCC72983CE0600A84EC0 /* Sources */,
				D733BCC82983CE0600A84EC0 /* Frameworks */,
				D733BCC92983CE0600A84EC0 /* Resources */,
			);
			buildRules = (
			);
			dependencies = (
				D733BCCD2983CE0600A84EC0 /* PBXTargetDependency */,
			);
			name = simpleAppTests;
			productName = simpleAppTests;
			productReference = D733BCCB2983CE0600A84EC0 /* simpleAppTests.xctest */;
			productType = "com.apple.product-type.bundle.unit-test";
		};
		D733BCD42983CE0600A84EC0 /* simpleAppUITests */ = {
			isa = PBXNativeTarget;
			buildConfigurationList = D733BCE52983CE0600A84EC0 /* Build configuration list for PBXNativeTarget "simpleAppUITests" */;
			buildPhases = (
				D733BCD12983CE0600A84EC0 /* Sources */,
				D733BCD22983CE0600A84EC0 /* Frameworks */,
				D733BCD32983CE0600A84EC0 /* Resources */,
			);
			buildRules = (
			);
			dependencies = (
				D733BCD72983CE0600A84EC0 /* PBXTargetDependency */,
			);
			name = simpleAppUITests;
			productName = simpleAppUITests;
			productReference = D733BCD52983CE0600A84EC0 /* simpleAppUITests.xctest */;
			productType = "com.apple.product-type.bundle.ui-testing";
		};
/* End PBXNativeTarget section */

/* Begin PBXProject section */
		D733BCB22983CE0500A84EC0 /* Project object */ = {
			isa = PBXProject;
			attributes = {
				BuildIndependentTargetsInParallel = 1;
				LastSwiftUpdateCheck = 1420;
				LastUpgradeCheck = 1420;
				TargetAttributes = {
					D733BCB92983CE0500A84EC0 = {
						CreatedOnToolsVersion = 14.2;
					};
					D733BCCA2983CE0600A84EC0 = {
						CreatedOnToolsVersion = 14.2;
						TestTargetID = D733BCB92983CE0500A84EC0;
					};
					D733BCD42983CE0600A84EC0 = {
						CreatedOnToolsVersion = 14.2;
						TestTargetID = D733BCB92983CE0500A84EC0;
					};
				};
			};
			buildConfigurationList = D733BCB52983CE0500A84EC0 /* Build configuration list for PBXProject "simpleApp" */;
			compatibilityVersion = "Xcode 14.0";
			developmentRegion = en;
			hasScannedForEncodings = 0;
			knownRegions = (
				en,
				Base,
			);
			mainGroup = D733BCB12983CE0500A84EC0;
			productRefGroup = D733BCBB2983CE0500A84EC0 /* Products */;
			projectDirPath = "";
			projectRoot = "";
			targets = (
				D733BCB92983CE0500A84EC0 /* simpleApp */,
				D733BCCA2983CE0600A84EC0 /* simpleAppTests */,
				D733BCD42983CE0600A84EC0 /* simpleAppUITests */,
			);
		};
/* End PBXProject section */

/* Begin PBXResourcesBuildPhase section */
		D733BCB82983CE0500A84EC0 /* Resources */ = {
			isa = PBXResourcesBuildPhase;
			buildActionMask = 2147483647;
			files = (
				D733BCC62983CE0600A84EC0 /* Preview Assets.xcassets in Resources */,
				D733BCC22983CE0600A84EC0 /* Assets.xcassets in Resources */,
			);
			runOnlyForDeploymentPostprocessing = 0;
		};
		D733BCC92983CE0600A84EC0 /* Resources */ = {
			isa = PBXResourcesBuildPhase;
			buildActionMask = 2147483647;
			files = (
			);
			runOnlyForDeploymentPostprocessing = 0;
		};
		D733BCD32983CE0600A84EC0 /* Resources */ = {
			isa = PBXResourcesBuildPhase;
			buildActionMask = 2147483647;
			files = (
			);
			runOnlyForDeploymentPostprocessing = 0;
		};
/* End PBXResourcesBuildPhase section */

/* Begin PBXSourcesBuildPhase section */
		D733BCB62983CE0500A84EC0 /* Sources */ = {
			isa = PBXSourcesBuildPhase;
			buildActionMask = 2147483647;
			files = (
				D733BCC02983CE0500A84EC0 /* ContentView.swift in Sources */,
				D733BCBE2983CE0500A84EC0 /* simpleAppApp.swift in Sources */,
			);
			runOnlyForDeploymentPostprocessing = 0;
		};
		D733BCC72983CE0600A84EC0 /* Sources */ = {
			isa = PBXSourcesBuildPhase;
			buildActionMask = 2147483647;
			files = (
				D733BCD02983CE0600A84EC0 /* simpleAppTests.swift in Sources */,
			);
			runOnlyForDeploymentPostprocessing = 0;
		};
		D733BCD12983CE0600A84EC0 /* Sources */ = {
			isa = PBXSourcesBuildPhase;
			buildActionMask = 2147483647;
			files = (
				D733BCDC2983CE0600A84EC0 /* simpleAppUITestsLaunchTests.swift in Sources */,
				D733BCDA2983CE0600A84EC0 /* simpleAppUITests.swift in Sources */,
			);
			runOnlyForDeploymentPostprocessing = 0;
		};
/* End PBXSourcesBuildPhase section */

/* Begin PBXTargetDependency section */
		D733BCCD2983CE0600A84EC0 /* PBXTargetDependency */ = {
			isa = PBXTargetDependency;
			target = D733BCB92983CE0500A84EC0 /* simpleApp */;
			targetProxy = D733BCCC2983CE0600A84EC0 /* PBXContainerItemProxy */;
		};
		D733BCD72983CE0600A84EC0 /* PBXTargetDependency */ = {
			isa = PBXTargetDependency;
			target = D733BCB92983CE0500A84EC0 /* simpleApp */;
			targetProxy = D733BCD62983CE0600A84EC0 /* PBXContainerItemProxy */;
		};
/* End PBXTargetDependency section */

/* Begin XCBuildConfiguration section */
		D733BCDD2983CE0600A84EC0 /* Debug */ = {
			isa = XCBuildConfiguration;
			buildSettings = {
				ALWAYS_SEARCH_USER_PATHS = NO;
				CLANG_ANALYZER_NONNULL = YES;
				CLANG_ANALYZER_NUMBER_OBJECT_CONVERSION = YES_AGGRESSIVE;
				CLANG_CXX_LANGUAGE_STANDARD = "gnu++20";
				CLANG_ENABLE_MODULES = YES;
				CLANG_ENABLE_OBJC_ARC = YES;
				CLANG_ENABLE_OBJC_WEAK = YES;
				CLANG_WARN_BLOCK_CAPTURE_AUTORELEASING = YES;
				CLANG_WARN_BOOL_CONVERSION = YES;
				CLANG_WARN_COMMA = YES;
				CLANG_WARN_CONSTANT_CONVERSION = YES;
				CLANG_WARN_DEPRECATED_OBJC_IMPLEMENTATIONS = YES;
				CLANG_WARN_DIRECT_OBJC_ISA_USAGE = YES_ERROR;
				CLANG_WARN_DOCUMENTATION_COMMENTS = YES;
				CLANG_WARN_EMPTY_BODY = YES;
				CLANG_WARN_ENUM_CONVERSION = YES;
				CLANG_WARN_INFINITE_RECURSION = YES;
				CLANG_WARN_INT_CONVERSION = YES;
				CLANG_WARN_NON_LITERAL_NULL_CONVERSION = YES;
				CLANG_WARN_OBJC_IMPLICIT_RETAIN_SELF = YES;
				CLANG_WARN_OBJC_LITERAL_CONVERSION = YES;
				CLANG_WARN_OBJC_ROOT_CLASS = YES_ERROR;
				CLANG_WARN_QUOTED_INCLUDE_IN_FRAMEWORK_HEADER = YES;
				CLANG_WARN_RANGE_LOOP_ANALYSIS = YES;
				CLANG_WARN_STRICT_PROTOTYPES = YES;
				CLANG_WARN_SUSPICIOUS_MOVE = YES;
				CLANG_WARN_UNGUARDED_AVAILABILITY = YES_AGGRESSIVE;
				CLANG_WARN_UNREACHABLE_CODE = YES;
				CLANG_WARN__DUPLICATE_METHOD_MATCH = YES;
				COPY_PHASE_STRIP = NO;
				DEBUG_INFORMATION_FORMAT = dwarf;
				ENABLE_STRICT_OBJC_MSGSEND = YES;
				ENABLE_TESTABILITY = YES;
				GCC_C_LANGUAGE_STANDARD = gnu11;
				GCC_DYNAMIC_NO_PIC = NO;
				GCC_NO_COMMON_BLOCKS = YES;
				GCC_OPTIMIZATION_LEVEL = 0;
				GCC_PREPROCESSOR_DEFINITIONS = (
					"DEBUG=1",
					"$(inherited)",
				);
				GCC_WARN_64_TO_32_BIT_CONVERSION = YES;
				GCC_WARN_ABOUT_RETURN_TYPE = YES_ERROR;
				GCC_WARN_UNDECLARED_SELECTOR = YES;
				GCC_WARN_UNINITIALIZED_AUTOS = YES_AGGRESSIVE;
				GCC_WARN_UNUSED_FUNCTION = YES;
				GCC_WARN_UNUSED_VARIABLE = YES;
				MTL_ENABLE_DEBUG_INFO = INCLUDE_SOURCE;
				MTL_FAST_MATH = YES;
				ONLY_ACTIVE_ARCH = YES;
				SWIFT_ACTIVE_COMPILATION_CONDITIONS = DEBUG;
				SWIFT_OPTIMIZATION_LEVEL = "-Onone";
			};
			name = Debug;
		};
		D733BCDE2983CE0600A84EC0 /* Release */ = {
			isa = XCBuildConfiguration;
			buildSettings = {
				ALWAYS_SEARCH_USER_PATHS = NO;
				CLANG_ANALYZER_NONNULL = YES;
				CLANG_ANALYZER_NUMBER_OBJECT_CONVERSION = YES_AGGRESSIVE;
				CLANG_CXX_LANGUAGE_STANDARD = "gnu++20";
				CLANG_ENABLE_MODULES = YES;
				CLANG_ENABLE_OBJC_ARC = YES;
				CLANG_ENABLE_OBJC_WEAK = YES;
				CLANG_WARN_BLOCK_CAPTURE_AUTORELEASING = YES;
				CLANG_WARN_BOOL_CONVERSION = YES;
				CLANG_WARN_COMMA = YES;
				CLANG_WARN_CONSTANT_CONVERSION = YES;
				CLANG_WARN_DEPRECATED_OBJC_IMPLEMENTATIONS = YES;
				CLANG_WARN_DIRECT_OBJC_ISA_USAGE = YES_ERROR;
				CLANG_WARN_DOCUMENTATION_COMMENTS = YES;
				CLANG_WARN_EMPTY_BODY = YES;
				CLANG_WARN_ENUM_CONVERSION = YES;
				CLANG_WARN_INFINITE_RECURSION = YES;
				CLANG_WARN_INT_CONVERSION = YES;
				CLANG_WARN_NON_LITERAL_NULL_CONVERSION = YES;
				CLANG_WARN_OBJC_IMPLICIT_RETAIN_SELF = YES;
				CLANG_WARN_OBJC_LITERAL_CONVERSION = YES;
				CLANG_WARN_OBJC_ROOT_CLASS = YES_ERROR;
				CLANG_WARN_QUOTED_INCLUDE_IN_FRAMEWORK_HEADER = YES;
				CLANG_WARN_RANGE_LOOP_ANALYSIS = YES;
				CLANG_WARN_STRICT_PROTOTYPES = YES;
				CLANG_WARN_SUSPICIOUS_MOVE = YES;
				CLANG_WARN_UNGUARDED_AVAILABILITY = YES_AGGRESSIVE;
				CLANG_WARN_UNREACHABLE_CODE = YES;
				CLANG_WARN__DUPLICATE_METHOD_MATCH = YES;
				COPY_PHASE_STRIP = NO;
				DEBUG_INFORMATION_FORMAT = "dwarf-with-dsym";
				ENABLE_NS_ASSERTIONS = NO;
				ENABLE_STRICT_OBJC_MSGSEND = YES;
				GCC_C_LANGUAGE_STANDARD = gnu11;
				GCC_NO_COMMON_BLOCKS = YES;
				GCC_WARN_64_TO_32_BIT_CONVERSION = YES;
				GCC_WARN_ABOUT_RETURN_TYPE = YES_ERROR;
				GCC_WARN_UNDECLARED_SELECTOR = YES;
				GCC_WARN_UNINITIALIZED_AUTOS = YES_AGGRESSIVE;
				GCC_WARN_UNUSED_FUNCTION = YES;
				GCC_WARN_UNUSED_VARIABLE = YES;
				MTL_ENABLE_DEBUG_INFO = NO;
				MTL_FAST_MATH = YES;
				SWIFT_COMPILATION_MODE = wholemodule;
				SWIFT_OPTIMIZATION_LEVEL = "-O";
			};
			name = Release;
		};
		D733BCE02983CE0600A84EC0 /* Debug */ = {
			isa = XCBuildConfiguration;
			buildSettings = {
				ASSETCATALOG_COMPILER_APPICON_NAME = AppIcon;
				ASSETCATALOG_COMPILER_GLOBAL_ACCENT_COLOR_NAME = AccentColor;
				CODE_SIGN_ENTITLEMENTS = simpleApp/simpleApp.entitlements;
				CODE_SIGN_STYLE = Automatic;
				CURRENT_PROJECT_VERSION = 1;
				DEVELOPMENT_ASSET_PATHS = "\"simpleApp/Preview Content\"";
				ENABLE_PREVIEWS = YES;
				GENERATE_INFOPLIST_FILE = YES;
				"INFOPLIST_KEY_UIApplicationSceneManifest_Generation[sdk=iphoneos*]" = YES;
				"INFOPLIST_KEY_UIApplicationSceneManifest_Generation[sdk=iphonesimulator*]" = YES;
				"INFOPLIST_KEY_UIApplicationSupportsIndirectInputEvents[sdk=iphoneos*]" = YES;
				"INFOPLIST_KEY_UIApplicationSupportsIndirectInputEvents[sdk=iphonesimulator*]" = YES;
				"INFOPLIST_KEY_UILaunchScreen_Generation[sdk=iphoneos*]" = YES;
				"INFOPLIST_KEY_UILaunchScreen_Generation[sdk=iphonesimulator*]" = YES;
				"INFOPLIST_KEY_UIStatusBarStyle[sdk=iphoneos*]" = UIStatusBarStyleDefault;
				"INFOPLIST_KEY_UIStatusBarStyle[sdk=iphonesimulator*]" = UIStatusBarStyleDefault;
				INFOPLIST_KEY_UISupportedInterfaceOrientations_iPad = "UIInterfaceOrientationPortrait UIInterfaceOrientationPortraitUpsideDown UIInterfaceOrientationLandscapeLeft UIInterfaceOrientationLandscapeRight";
				INFOPLIST_KEY_UISupportedInterfaceOrientations_iPhone = "UIInterfaceOrientationPortrait UIInterfaceOrientationLandscapeLeft UIInterfaceOrientationLandscapeRight";
				IPHONEOS_DEPLOYMENT_TARGET = 16.2;
				LD_RUNPATH_SEARCH_PATHS = "@executable_path/Frameworks";
				"LD_RUNPATH_SEARCH_PATHS[sdk=macosx*]" = "@executable_path/../Frameworks";
				MACOSX_DEPLOYMENT_TARGET = 13.1;
				MARKETING_VERSION = 1.0;
				PRODUCT_BUNDLE_IDENTIFIER = dd.simpleApp;
				PRODUCT_NAME = "$(TARGET_NAME)";
				SDKROOT = auto;
				SUPPORTED_PLATFORMS = "iphoneos iphonesimulator macosx";
				SWIFT_EMIT_LOC_STRINGS = YES;
				SWIFT_VERSION = 5.0;
				TARGETED_DEVICE_FAMILY = "1,2";
			};
			name = Debug;
		};
		D733BCE12983CE0600A84EC0 /* Release */ = {
			isa = XCBuildConfiguration;
			buildSettings = {
				ASSETCATALOG_COMPILER_APPICON_NAME = AppIcon;
				ASSETCATALOG_COMPILER_GLOBAL_ACCENT_COLOR_NAME = AccentColor;
				CODE_SIGN_ENTITLEMENTS = simpleApp/simpleApp.entitlements;
				CODE_SIGN_STYLE = Automatic;
				CURRENT_PROJECT_VERSION = 1;
				DEVELOPMENT_ASSET_PATHS = "\"simpleApp/Preview Content\"";
				ENABLE_PREVIEWS = YES;
				GENERATE_INFOPLIST_FILE = YES;
				"INFOPLIST_KEY_UIApplicationSceneManifest_Generation[sdk=iphoneos*]" = YES;
				"INFOPLIST_KEY_UIApplicationSceneManifest_Generation[sdk=iphonesimulator*]" = YES;
				"INFOPLIST_KEY_UIApplicationSupportsIndirectInputEvents[sdk=iphoneos*]" = YES;
				"INFOPLIST_KEY_UIApplicationSupportsIndirectInputEvents[sdk=iphonesimulator*]" = YES;
				"INFOPLIST_KEY_UILaunchScreen_Generation[sdk=iphoneos*]" = YES;
				"INFOPLIST_KEY_UILaunchScreen_Generation[sdk=iphonesimulator*]" = YES;
				"INFOPLIST_KEY_UIStatusBarStyle[sdk=iphoneos*]" = UIStatusBarStyleDefault;
				"INFOPLIST_KEY_UIStatusBarStyle[sdk=iphonesimulator*]" = UIStatusBarStyleDefault;
				INFOPLIST_KEY_UISupportedInterfaceOrientations_iPad = "UIInterfaceOrientationPortrait UIInterfaceOrientationPortraitUpsideDown UIInterfaceOrientationLandscapeLeft UIInterfaceOrientationLandscapeRight";
				INFOPLIST_KEY_UISupportedInterfaceOrientations_iPhone = "UIInterfaceOrientationPortrait UIInterfaceOrientationLandscapeLeft UIInterfaceOrientationLandscapeRight";
				IPHONEOS_DEPLOYMENT_TARGET = 16.2;
				LD_RUNPATH_SEARCH_PATHS = "@executable_path/Frameworks";
				"LD_RUNPATH_SEARCH_PATHS[sdk=macosx*]" = "@executable_path/../Frameworks";
				MACOSX_DEPLOYMENT_TARGET = 13.1;
				MARKETING_VERSION = 1.0;
				PRODUCT_BUNDLE_IDENTIFIER = dd.simpleApp;
				PRODUCT_NAME = "$(TARGET_NAME)";
				SDKROOT = auto;
				SUPPORTED_PLATFORMS = "iphoneos iphonesimulator macosx";
				SWIFT_EMIT_LOC_STRINGS = YES;
				SWIFT_VERSION = 5.0;
				TARGETED_DEVICE_FAMILY = "1,2";
			};
			name = Release;
		};
		D733BCE32983CE0600A84EC0 /* Debug */ = {
			isa = XCBuildConfiguration;
			buildSettings = {
				ALWAYS_EMBED_SWIFT_STANDARD_LIBRARIES = YES;
				BUNDLE_LOADER = "$(TEST_HOST)";
				CODE_SIGN_STYLE = Automatic;
				CURRENT_PROJECT_VERSION = 1;
				GENERATE_INFOPLIST_FILE = YES;
				IPHONEOS_DEPLOYMENT_TARGET = 16.2;
				MACOSX_DEPLOYMENT_TARGET = 13.1;
				MARKETING_VERSION = 1.0;
				PRODUCT_BUNDLE_IDENTIFIER = dd.simpleAppTests;
				PRODUCT_NAME = "$(TARGET_NAME)";
				SDKROOT = auto;
				SUPPORTED_PLATFORMS = "iphoneos iphonesimulator macosx";
				SWIFT_EMIT_LOC_STRINGS = NO;
				SWIFT_VERSION = 5.0;
				TARGETED_DEVICE_FAMILY = "1,2";
				TEST_HOST = "$(BUILT_PRODUCTS_DIR)/simpleApp.app/$(BUNDLE_EXECUTABLE_FOLDER_PATH)/simpleApp";
			};
			name = Debug;
		};
		D733BCE42983CE0600A84EC0 /* Release */ = {
			isa = XCBuildConfiguration;
			buildSettings = {
				ALWAYS_EMBED_SWIFT_STANDARD_LIBRARIES = YES;
				BUNDLE_LOADER = "$(TEST_HOST)";
				CODE_SIGN_STYLE = Automatic;
				CURRENT_PROJECT_VERSION = 1;
				GENERATE_INFOPLIST_FILE = YES;
				IPHONEOS_DEPLOYMENT_TARGET = 16.2;
				MACOSX_DEPLOYMENT_TARGET = 13.1;
				MARKETING_VERSION = 1.0;
				PRODUCT_BUNDLE_IDENTIFIER = dd.simpleAppTests;
				PRODUCT_NAME = "$(TARGET_NAME)";
				SDKROOT = auto;
				SUPPORTED_PLATFORMS = "iphoneos iphonesimulator macosx";
				SWIFT_EMIT_LOC_STRINGS = NO;
				SWIFT_VERSION = 5.0;
				TARGETED_DEVICE_FAMILY = "1,2";
				TEST_HOST = "$(BUILT_PRODUCTS_DIR)/simpleApp.app/$(BUNDLE_EXECUTABLE_FOLDER_PATH)/simpleApp";
			};
			name = Release;
		};
		D733BCE62983CE0600A84EC0 /* Debug */ = {
			isa = XCBuildConfiguration;
			buildSettings = {
				ALWAYS_EMBED_SWIFT_STANDARD_LIBRARIES = YES;
				CODE_SIGN_STYLE = Automatic;
				CURRENT_PROJECT_VERSION = 1;
				GENERATE_INFOPLIST_FILE = YES;
				IPHONEOS_DEPLOYMENT_TARGET = 16.2;
				MACOSX_DEPLOYMENT_TARGET = 13.1;
				MARKETING_VERSION = 1.0;
				PRODUCT_BUNDLE_IDENTIFIER = dd.simpleAppUITests;
				PRODUCT_NAME = "$(TARGET_NAME)";
				SDKROOT = auto;
				SUPPORTED_PLATFORMS = "iphoneos iphonesimulator macosx";
				SWIFT_EMIT_LOC_STRINGS = NO;
				SWIFT_VERSION = 5.0;
				TARGETED_DEVICE_FAMILY = "1,2";
				TEST_TARGET_NAME = simpleApp;
			};
			name = Debug;
		};
		D733BCE72983CE0600A84EC0 /* Release */ = {
			isa = XCBuildConfiguration;
			buildSettings = {
				ALWAYS_EMBED_SWIFT_STANDARD_LIBRARIES = YES;
				CODE_SIGN_STYLE = Automatic;
				CURRENT_PROJECT_VERSION = 1;
				GENERATE_INFOPLIST_FILE = YES;
				IPHONEOS_DEPLOYMENT_TARGET = 16.2;
				MACOSX_DEPLOYMENT_TARGET = 13.1;
				MARKETING_VERSION = 1.0;
				PRODUCT_BUNDLE_IDENTIFIER = dd.simpleAppUITests;
				PRODUCT_NAME = "$(TARGET_NAME)";
				SDKROOT = auto;
				SUPPORTED_PLATFORMS = "iphoneos iphonesimulator macosx";
				SWIFT_EMIT_LOC_STRINGS = NO;
				SWIFT_VERSION = 5.0;
				TARGETED_DEVICE_FAMILY = "1,2";
				TEST_TARGET_NAME = simpleApp;
			};
			name = Release;
		};
/* End XCBuildConfiguration section */

/* Begin XCConfigurationList section */
		D733BCB52983CE0500A84EC0 /* Build configuration list for PBXProject "simpleApp" */ = {
			isa = XCConfigurationList;
			buildConfigurations = (
				D733BCDD2983CE0600A84EC0 /* Debug */,
				D733BCDE2983CE0600A84EC0 /* Release */,
			);
			defaultConfigurationIsVisible = 0;
			defaultConfigurationName = Release;
		};
		D733BCDF2983CE0600A84EC0 /* Build configuration list for PBXNativeTarget "simpleApp" */ = {
			isa = XCConfigurationList;
			buildConfigurations = (
				D733BCE02983CE0600A84EC0 /* Debug */,
				D733BCE12983CE0600A84EC0 /* Release */,
			);
			defaultConfigurationIsVisible = 0;
			defaultConfigurationName = Release;
		};
		D733BCE22983CE0600A84EC0 /* Build configuration list for PBXNativeTarget "simpleAppTests" */ = {
			isa = XCConfigurationList;
			buildConfigurations = (
				D733BCE32983CE0600A84EC0 /* Debug */,
				D733BCE42983CE0600A84EC0 /* Release */,
			);
			defaultConfigurationIsVisible = 0;
			defaultConfigurationName = Release;
		};
		D733BCE52983CE0600A84EC0 /* Build configuration list for PBXNativeTarget "simpleAppUITests" */ = {
			isa = XCConfigurationList;
			buildConfigurations = (
				D733BCE62983CE0600A84EC0 /* Debug */,
				D733BCE72983CE0600A84EC0 /* Release */,
			);
			defaultConfigurationIsVisible = 0;
			defaultConfigurationName = Release;
		};
/* End XCConfigurationList section */
	};
	rootObject = D733BCB22983CE0500A84EC0 /* Project object */;
}
